
Microsoft Visual Studio Solution File, Format Version 11.00
# Visual Studio 2010
Project("{FAE04EC0-301F-11D3-BF4B-00C04F79EFBC}") = "ScannerClerk", "ScannerClerk\ScannerClerk.csproj", "{C0F417E4-516F-4AC9-9079-34576A89A578}"
EndProject
Global
	GlobalSection(SolutionConfigurationPlatforms) = preSolution
		Debug|x86 = Debug|x86
		Release|x86 = Release|x86
	EndGlobalSection
	GlobalSection(ProjectConfigurationPlatforms) = postSolution
		{C0F417E4-516F-4AC9-9079-34576A89A578}.Debug|x86.ActiveCfg = Debug|x86
		{C0F417E4-516F-4AC9-9079-34576A89A578}.Debug|x86.Build.0 = Debug|x86
		{C0F417E4-516F-4AC9-9079-34576A89A578}.Release|x86.ActiveCfg = Release|x86
		{C0F417E4-516F-4AC9-9079-34576A89A578}.Release|x86.Build.0 = Release|x86
	EndGlobalSection
	GlobalSection(SolutionProperties) = preSolution
		HideSolutionNode = FALSE
	EndGlobalSection
EndGlobal
